
Microsoft Visual Studio Solution File, Format Version 12.00
# Visual Studio Version 16
VisualStudioVersion = 16.0.30114.105
MinimumVisualStudioVersion = 10.0.40219.1
Project("{2150E333-8FDC-42A3-9474-1A3956D46DE8}") = "src", "src", "{579E443B-3EE9-418B-9B80-9698EF471946}"
EndProject
Project("{FAE04EC0-301F-11D3-BF4B-00C04F79EFBC}") = "WebCrawler", "src\WebCrawler\WebCrawler.csproj", "{0364C89F-60F8-4087-A468-114DC1649D4F}"
EndProject
Project("{2150E333-8FDC-42A3-9474-1A3956D46DE8}") = "test", "test", "{89DF0288-8DFC-49B5-8917-EAC930943FC5}"
EndProject
Project("{FAE04EC0-301F-11D3-BF4B-00C04F79EFBC}") = "WebCrawler.Tests", "test\WebCrawler.Tests\WebCrawler.Tests.csproj", "{448E468A-779C-44E0-9771-0C097E1784F1}"
EndProject
Global
	GlobalSection(SolutionConfigurationPlatforms) = preSolution
		Debug|Any CPU = Debug|Any CPU
		Debug|x64 = Debug|x64
		Debug|x86 = Debug|x86
		Release|Any CPU = Release|Any CPU
		Release|x64 = Release|x64
		Release|x86 = Release|x86
	EndGlobalSection
	GlobalSection(SolutionProperties) = preSolution
		HideSolutionNode = FALSE
	EndGlobalSection
	GlobalSection(ProjectConfigurationPlatforms) = postSolution
		{0364C89F-60F8-4087-A468-114DC1649D4F}.Debug|Any CPU.ActiveCfg = Debug|Any CPU
		{0364C89F-60F8-4087-A468-114DC1649D4F}.Debug|Any CPU.Build.0 = Debug|Any CPU
		{0364C89F-60F8-4087-A468-114DC1649D4F}.Debug|x64.ActiveCfg = Debug|Any CPU
		{0364C89F-60F8-4087-A468-114DC1649D4F}.Debug|x64.Build.0 = Debug|Any CPU
		{0364C89F-60F8-4087-A468-114DC1649D4F}.Debug|x86.ActiveCfg = Debug|Any CPU
		{0364C89F-60F8-4087-A468-114DC1649D4F}.Debug|x86.Build.0 = Debug|Any CPU
		{0364C89F-60F8-4087-A468-114DC1649D4F}.Release|Any CPU.ActiveCfg = Release|Any CPU
		{0364C89F-60F8-4087-A468-114DC1649D4F}.Release|Any CPU.Build.0 = Release|Any CPU
		{0364C89F-60F8-4087-A468-114DC1649D4F}.Release|x64.ActiveCfg = Release|Any CPU
		{0364C89F-60F8-4087-A468-114DC1649D4F}.Release|x64.Build.0 = Release|Any CPU
		{0364C89F-60F8-4087-A468-114DC1649D4F}.Release|x86.ActiveCfg = Release|Any CPU
		{0364C89F-60F8-4087-A468-114DC1649D4F}.Release|x86.Build.0 = Release|Any CPU
		{448E468A-779C-44E0-9771-0C097E1784F1}.Debug|Any CPU.ActiveCfg = Debug|Any CPU
		{448E468A-779C-44E0-9771-0C097E1784F1}.Debug|Any CPU.Build.0 = Debug|Any CPU
		{448E468A-779C-44E0-9771-0C097E1784F1}.Debug|x64.ActiveCfg = Debug|Any CPU
		{448E468A-779C-44E0-9771-0C097E1784F1}.Debug|x64.Build.0 = Debug|Any CPU
		{448E468A-779C-44E0-9771-0C097E1784F1}.Debug|x86.ActiveCfg = Debug|Any CPU
		{448E468A-779C-44E0-9771-0C097E1784F1}.Debug|x86.Build.0 = Debug|Any CPU
		{448E468A-779C-44E0-9771-0C097E1784F1}.Release|Any CPU.ActiveCfg = Release|Any CPU
		{448E468A-779C-44E0-9771-0C097E1784F1}.Release|Any CPU.Build.0 = Release|Any CPU
		{448E468A-779C-44E0-9771-0C097E1784F1}.Release|x64.ActiveCfg = Release|Any CPU
		{448E468A-779C-44E0-9771-0C097E1784F1}.Release|x64.Build.0 = Release|Any CPU
		{448E468A-779C-44E0-9771-0C097E1784F1}.Release|x86.ActiveCfg = Release|Any CPU
		{448E468A-779C-44E0-9771-0C097E1784F1}.Release|x86.Build.0 = Release|Any CPU
	EndGlobalSection
	GlobalSection(NestedProjects) = preSolution
		{0364C89F-60F8-4087-A468-114DC1649D4F} = {579E443B-3EE9-418B-9B80-9698EF471946}
		{448E468A-779C-44E0-9771-0C097E1784F1} = {89DF0288-8DFC-49B5-8917-EAC930943FC5}
	EndGlobalSection
EndGlobal
